
Microsoft Visual Studio Solution File, Format Version 12.00
# Visual Studio Version 16
VisualStudioVersion = 16.0.30717.126
MinimumVisualStudioVersion = 10.0.40219.1
Project("{FAE04EC0-301F-11D3-BF4B-00C04F79EFBC}") = "BulkyBook", "BulkyBook\BulkyBook.csproj", "{2C4F400A-9CAF-42A2-AB80-68DDFCAD9695}"
EndProject
Global
	GlobalSection(SolutionConfigurationPlatforms) = preSolution
		Debug|Any CPU = Debug|Any CPU
		Release|Any CPU = Release|Any CPU
	EndGlobalSection
	GlobalSection(ProjectConfigurationPlatforms) = postSolution
		{2C4F400A-9CAF-42A2-AB80-68DDFCAD9695}.Debug|Any CPU.ActiveCfg = Debug|Any CPU
		{2C4F400A-9CAF-42A2-AB80-68DDFCAD9695}.Debug|Any CPU.Build.0 = Debug|Any CPU
		{2C4F400A-9CAF-42A2-AB80-68DDFCAD9695}.Release|Any CPU.ActiveCfg = Release|Any CPU
		{2C4F400A-9CAF-42A2-AB80-68DDFCAD9695}.Release|Any CPU.Build.0 = Release|Any CPU
	EndGlobalSection
	GlobalSection(SolutionProperties) = preSolution
		HideSolutionNode = FALSE
	EndGlobalSection
	GlobalSection(ExtensibilityGlobals) = postSolution
		SolutionGuid = {4F259B29-4355-4ACF-A4C0-94B26164B2F6}
	EndGlobalSection
EndGlobal
